
Microsoft Visual Studio Solution File, Format Version 12.00
# Visual Studio Version 17
VisualStudioVersion = 17.6.33829.357
MinimumVisualStudioVersion = 10.0.40219.1
Project("{9A19103F-16F7-4668-BE54-9A1E7A4F7556}") = "AuthService", "AuthService\AuthService.csproj", "{096CC3D0-EFA2-45E3-AFF7-653F5DEC29D8}"
EndProject
Global
	GlobalSection(SolutionConfigurationPlatforms) = preSolution
		Debug|Any CPU = Debug|Any CPU
		Release|Any CPU = Release|Any CPU
	EndGlobalSection
	GlobalSection(ProjectConfigurationPlatforms) = postSolution
		{096CC3D0-EFA2-45E3-AFF7-653F5DEC29D8}.Debug|Any CPU.ActiveCfg = Debug|Any CPU
		{096CC3D0-EFA2-45E3-AFF7-653F5DEC29D8}.Debug|Any CPU.Build.0 = Debug|Any CPU
		{096CC3D0-EFA2-45E3-AFF7-653F5DEC29D8}.Release|Any CPU.ActiveCfg = Release|Any CPU
		{096CC3D0-EFA2-45E3-AFF7-653F5DEC29D8}.Release|Any CPU.Build.0 = Release|Any CPU
	EndGlobalSection
	GlobalSection(SolutionProperties) = preSolution
		HideSolutionNode = FALSE
	EndGlobalSection
	GlobalSection(ExtensibilityGlobals) = postSolution
		SolutionGuid = {4F516706-ACB2-4751-9A5A-F53440B95FCE}
	EndGlobalSection
EndGlobal
